// !$*UTF8*$!
{
	archiveVersion = 1;
	classes = {
	};
	objectVersion = 50;
	objects = {

/* Begin PBXBuildFile section */
		D9C05A2224BD888F00AF2501 /* AppDelegate.m in Sources */ = {isa = PBXBuildFile; fileRef = D9C05A2124BD888F00AF2501 /* AppDelegate.m */; };
		D9C05A2524BD888F00AF2501 /* SceneDelegate.m in Sources */ = {isa = PBXBuildFile; fileRef = D9C05A2424BD888F00AF2501 /* SceneDelegate.m */; };
		D9C05A2824BD888F00AF2501 /* ViewController.m in Sources */ = {isa = PBXBuildFile; fileRef = D9C05A2724BD888F00AF2501 /* ViewController.m */; };
		D9C05A2B24BD888F00AF2501 /* Main.storyboard in Resources */ = {isa = PBXBuildFile; fileRef = D9C05A2924BD888F00AF2501 /* Main.storyboard */; };
		D9C05A2D24BD889000AF2501 /* Assets.xcassets in Resources */ = {isa = PBXBuildFile; fileRef = D9C05A2C24BD889000AF2501 /* Assets.xcassets */; };
		D9C05A3024BD889000AF2501 /* LaunchScreen.storyboard in Resources */ = {isa = PBXBuildFile; fileRef = D9C05A2E24BD889000AF2501 /* LaunchScreen.storyboard */; };
		D9C05A3324BD889000AF2501 /* main.m in Sources */ = {isa = PBXBuildFile; fileRef = D9C05A3224BD889000AF2501 /* main.m */; };
		D9C05A5124BDA4AE00AF2501 /* TestDemoFramework.framework in Frameworks */ = {isa = PBXBuildFile; fileRef = D9C05A5024BDA4AE00AF2501 /* TestDemoFramework.framework */; };
/* End PBXBuildFile section */

/* Begin PBXCopyFilesBuildPhase section */
		D9C05A4624BD9B5000AF2501 /* CopyFiles */ = {
			isa = PBXCopyFilesBuildPhase;
			buildActionMask = 2147483647;
			dstPath = "";
			dstSubfolderSpec = 10;
			files = (
			);
			runOnlyForDeploymentPostprocessing = 0;
		};
/* End PBXCopyFilesBuildPhase section */

/* Begin PBXFileReference section */
		D9C05A1D24BD888F00AF2501 /* TestCocos.app */ = {isa = PBXFileReference; explicitFileType = wrapper.application; includeInIndex = 0; path = TestCocos.app; sourceTree = BUILT_PRODUCTS_DIR; };
		D9C05A2024BD888F00AF2501 /* AppDelegate.h */ = {isa = PBXFileReference; lastKnownFileType = sourcecode.c.h; path = AppDelegate.h; sourceTree = "<group>"; };
		D9C05A2124BD888F00AF2501 /* AppDelegate.m */ = {isa = PBXFileReference; lastKnownFileType = sourcecode.c.objc; path = AppDelegate.m; sourceTree = "<group>"; };
		D9C05A2324BD888F00AF2501 /* SceneDelegate.h */ = {isa = PBXFileReference; lastKnownFileType = sourcecode.c.h; path = SceneDelegate.h; sourceTree = "<group>"; };
		D9C05A2424BD888F00AF2501 /* SceneDelegate.m */ = {isa = PBXFileReference; lastKnownFileType = sourcecode.c.objc; path = SceneDelegate.m; sourceTree = "<group>"; };
		D9C05A2624BD888F00AF2501 /* ViewController.h */ = {isa = PBXFileReference; lastKnownFileType = sourcecode.c.h; path = ViewController.h; sourceTree = "<group>"; };
		D9C05A2724BD888F00AF2501 /* ViewController.m */ = {isa = PBXFileReference; lastKnownFileType = sourcecode.c.objc; path = ViewController.m; sourceTree = "<group>"; };
		D9C05A2A24BD888F00AF2501 /* Base */ = {isa = PBXFileReference; lastKnownFileType = file.storyboard; name = Base; path = Base.lproj/Main.storyboard; sourceTree = "<group>"; };
		D9C05A2C24BD889000AF2501 /* Assets.xcassets */ = {isa = PBXFileReference; lastKnownFileType = folder.assetcatalog; path = Assets.xcassets; sourceTree = "<group>"; };
		D9C05A2F24BD889000AF2501 /* Base */ = {isa = PBXFileReference; lastKnownFileType = file.storyboard; name = Base; path = Base.lproj/LaunchScreen.storyboard; sourceTree = "<group>"; };
		D9C05A3124BD889000AF2501 /* Info.plist */ = {isa = PBXFileReference; lastKnownFileType = text.plist.xml; path = Info.plist; sourceTree = "<group>"; };
		D9C05A3224BD889000AF2501 /* main.m */ = {isa = PBXFileReference; lastKnownFileType = sourcecode.c.objc; path = main.m; sourceTree = "<group>"; };
		D9C05A5024BDA4AE00AF2501 /* TestDemoFramework.framework */ = {isa = PBXFileReference; lastKnownFileType = wrapper.framework; name = TestDemoFramework.framework; path = "../../Library/Developer/Xcode/DerivedData/NiHao-ggnnwjpjamdmoxaohzgfyipyiveq/Build/Products/Debug-iphoneos/TestDemoFramework.framework"; sourceTree = "<group>"; };
/* End PBXFileReference section */

/* Begin PBXFrameworksBuildPhase section */
		D9C05A1A24BD888F00AF2501 /* Frameworks */ = {
			isa = PBXFrameworksBuildPhase;
			buildActionMask = 2147483647;
			files = (
				D9C05A5124BDA4AE00AF2501 /* TestDemoFramework.framework in Frameworks */,
			);
			runOnlyForDeploymentPostprocessing = 0;
		};
/* End PBXFrameworksBuildPhase section */

/* Begin PBXGroup section */
		D9C05A1424BD888F00AF2501 = {
			isa = PBXGroup;
			children = (
				D9C05A1F24BD888F00AF2501 /* TestCocos */,
				D9C05A1E24BD888F00AF2501 /* Products */,
				D9C05A3924BD897F00AF2501 /* Frameworks */,
			);
			sourceTree = "<group>";
		};
		D9C05A1E24BD888F00AF2501 /* Products */ = {
			isa = PBXGroup;
			children = (
				D9C05A1D24BD888F00AF2501 /* TestCocos.app */,
			);
			name = Products;
			sourceTree = "<group>";
		};
		D9C05A1F24BD888F00AF2501 /* TestCocos */ = {
			isa = PBXGroup;
			children = (
				D9C05A2024BD888F00AF2501 /* AppDelegate.h */,
				D9C05A2124BD888F00AF2501 /* AppDelegate.m */,
				D9C05A2324BD888F00AF2501 /* SceneDelegate.h */,
				D9C05A2424BD888F00AF2501 /* SceneDelegate.m */,
				D9C05A2624BD888F00AF2501 /* ViewController.h */,
				D9C05A2724BD888F00AF2501 /* ViewController.m */,
				D9C05A2924BD888F00AF2501 /* Main.storyboard */,
				D9C05A2C24BD889000AF2501 /* Assets.xcassets */,
				D9C05A2E24BD889000AF2501 /* LaunchScreen.storyboard */,
				D9C05A3124BD889000AF2501 /* Info.plist */,
				D9C05A3224BD889000AF2501 /* main.m */,
			);
			path = TestCocos;
			sourceTree = "<group>";
		};
		D9C05A3924BD897F00AF2501 /* Frameworks */ = {
			isa = PBXGroup;
			children = (
				D9C05A5024BDA4AE00AF2501 /* TestDemoFramework.framework */,
			);
			name = Frameworks;
			sourceTree = "<group>";
		};
/* End PBXGroup section */

/* Begin PBXNativeTarget section */
		D9C05A1C24BD888F00AF2501 /* TestCocos */ = {
			isa = PBXNativeTarget;
			buildConfigurationList = D9C05A3624BD889000AF2501 /* Build configuration list for PBXNativeTarget "TestCocos" */;
			buildPhases = (
				D9C05A1924BD888F00AF2501 /* Sources */,
				D9C05A1A24BD888F00AF2501 /* Frameworks */,
				D9C05A1B24BD888F00AF2501 /* Resources */,
				D9C05A4624BD9B5000AF2501 /* CopyFiles */,
			);
			buildRules = (
			);
			dependencies = (
			);
			name = TestCocos;
			productName = TestCocos;
			productReference = D9C05A1D24BD888F00AF2501 /* TestCocos.app */;
			productType = "com.apple.product-type.application";
		};
/* End PBXNativeTarget section */

/* Begin PBXProject section */
		D9C05A1524BD888F00AF2501 /* Project object */ = {
			isa = PBXProject;
			attributes = {
				LastUpgradeCheck = 1150;
				ORGANIZATIONNAME = "Arion Labs";
				TargetAttributes = {
					D9C05A1C24BD888F00AF2501 = {
						CreatedOnToolsVersion = 11.5;
					};
				};
			};
			buildConfigurationList = D9C05A1824BD888F00AF2501 /* Build configuration list for PBXProject "TestCocos" */;
			compatibilityVersion = "Xcode 9.3";
			developmentRegion = en;
			hasScannedForEncodings = 0;
			knownRegions = (
				en,
				Base,
			);
			mainGroup = D9C05A1424BD888F00AF2501;
			productRefGroup = D9C05A1E24BD888F00AF2501 /* Products */;
			projectDirPath = "";
			projectRoot = "";
			targets = (
				D9C05A1C24BD888F00AF2501 /* TestCocos */,
			);
		};
/* End PBXProject section */

/* Begin PBXResourcesBuildPhase section */
		D9C05A1B24BD888F00AF2501 /* Resources */ = {
			isa = PBXResourcesBuildPhase;
			buildActionMask = 2147483647;
			files = (
				D9C05A3024BD889000AF2501 /* LaunchScreen.storyboard in Resources */,
				D9C05A2D24BD889000AF2501 /* Assets.xcassets in Resources */,
				D9C05A2B24BD888F00AF2501 /* Main.storyboard in Resources */,
			);
			runOnlyForDeploymentPostprocessing = 0;
		};
/* End PBXResourcesBuildPhase section */

/* Begin PBXSourcesBuildPhase section */
		D9C05A1924BD888F00AF2501 /* Sources */ = {
			isa = PBXSourcesBuildPhase;
			buildActionMask = 2147483647;
			files = (
				D9C05A2824BD888F00AF2501 /* ViewController.m in Sources */,
				D9C05A2224BD888F00AF2501 /* AppDelegate.m in Sources */,
				D9C05A3324BD889000AF2501 /* main.m in Sources */,
				D9C05A2524BD888F00AF2501 /* SceneDelegate.m in Sources */,
			);
			runOnlyForDeploymentPostprocessing = 0;
		};
/* End PBXSourcesBuildPhase section */

/* Begin PBXVariantGroup section */
		D9C05A2924BD888F00AF2501 /* Main.storyboard */ = {
			isa = PBXVariantGroup;
			children = (
				D9C05A2A24BD888F00AF2501 /* Base */,
			);
			name = Main.storyboard;
			sourceTree = "<group>";
		};
		D9C05A2E24BD889000AF2501 /* LaunchScreen.storyboard */ = {
			isa = PBXVariantGroup;
			children = (
				D9C05A2F24BD889000AF2501 /* Base */,
			);
			name = LaunchScreen.storyboard;
			sourceTree = "<group>";
		};
/* End PBXVariantGroup section */

/* Begin XCBuildConfiguration section */
		D9C05A3424BD889000AF2501 /* Debug */ = {
			isa = XCBuildConfiguration;
			buildSettings = {
				ALWAYS_SEARCH_USER_PATHS = NO;
				CLANG_ANALYZER_NONNULL = YES;
				CLANG_ANALYZER_NUMBER_OBJECT_CONVERSION = YES_AGGRESSIVE;
				CLANG_CXX_LANGUAGE_STANDARD = "gnu++14";
				CLANG_CXX_LIBRARY = "libc++";
				CLANG_ENABLE_MODULES = YES;
				CLANG_ENABLE_OBJC_ARC = YES;
				CLANG_ENABLE_OBJC_WEAK = YES;
				CLANG_WARN_BLOCK_CAPTURE_AUTORELEASING = YES;
				CLANG_WARN_BOOL_CONVERSION = YES;
				CLANG_WARN_COMMA = YES;
				CLANG_WARN_CONSTANT_CONVERSION = YES;
				CLANG_WARN_DEPRECATED_OBJC_IMPLEMENTATIONS = YES;
				CLANG_WARN_DIRECT_OBJC_ISA_USAGE = YES_ERROR;
				CLANG_WARN_DOCUMENTATION_COMMENTS = YES;
				CLANG_WARN_EMPTY_BODY = YES;
				CLANG_WARN_ENUM_CONVERSION = YES;
				CLANG_WARN_INFINITE_RECURSION = YES;
				CLANG_WARN_INT_CONVERSION = YES;
				CLANG_WARN_NON_LITERAL_NULL_CONVERSION = YES;
				CLANG_WARN_OBJC_IMPLICIT_RETAIN_SELF = YES;
				CLANG_WARN_OBJC_LITERAL_CONVERSION = YES;
				CLANG_WARN_OBJC_ROOT_CLASS = YES_ERROR;
				CLANG_WARN_RANGE_LOOP_ANALYSIS = YES;
				CLANG_WARN_STRICT_PROTOTYPES = YES;
				CLANG_WARN_SUSPICIOUS_MOVE = YES;
				CLANG_WARN_UNGUARDED_AVAILABILITY = YES_AGGRESSIVE;
				CLANG_WARN_UNREACHABLE_CODE = YES;
				CLANG_WARN__DUPLICATE_METHOD_MATCH = YES;
				COPY_PHASE_STRIP = NO;
				DEBUG_INFORMATION_FORMAT = dwarf;
				ENABLE_STRICT_OBJC_MSGSEND = YES;
				ENABLE_TESTABILITY = YES;
				FRAMEWORK_SEARCH_PATHS = "$(PROJECT_DIR)";
				GCC_C_LANGUAGE_STANDARD = gnu11;
				GCC_DYNAMIC_NO_PIC = NO;
				GCC_NO_COMMON_BLOCKS = YES;
				GCC_OPTIMIZATION_LEVEL = 0;
				GCC_PREPROCESSOR_DEFINITIONS = (
					"DEBUG=1",
					"$(inherited)",
				);
				GCC_WARN_64_TO_32_BIT_CONVERSION = YES;
				GCC_WARN_ABOUT_RETURN_TYPE = YES_ERROR;
				GCC_WARN_UNDECLARED_SELECTOR = YES;
				GCC_WARN_UNINITIALIZED_AUTOS = YES_AGGRESSIVE;
				GCC_WARN_UNUSED_FUNCTION = YES;
				GCC_WARN_UNUSED_VARIABLE = YES;
				IPHONEOS_DEPLOYMENT_TARGET = 13.5;
				LD_RUNPATH_SEARCH_PATHS = "$(PROJECT_DIR)";
				MTL_ENABLE_DEBUG_INFO = INCLUDE_SOURCE;
				MTL_FAST_MATH = YES;
				ONLY_ACTIVE_ARCH = YES;
				SDKROOT = iphoneos;
			};
			name = Debug;
		};
		D9C05A3524BD889000AF2501 /* Release */ = {
			isa = XCBuildConfiguration;
			buildSettings = {
				ALWAYS_SEARCH_USER_PATHS = NO;
				CLANG_ANALYZER_NONNULL = YES;
				CLANG_ANALYZER_NUMBER_OBJECT_CONVERSION = YES_AGGRESSIVE;
				CLANG_CXX_LANGUAGE_STANDARD = "gnu++14";
				CLANG_CXX_LIBRARY = "libc++";
				CLANG_ENABLE_MODULES = YES;
				CLANG_ENABLE_OBJC_ARC = YES;
				CLANG_ENABLE_OBJC_WEAK = YES;
				CLANG_WARN_BLOCK_CAPTURE_AUTORELEASING = YES;
				CLANG_WARN_BOOL_CONVERSION = YES;
				CLANG_WARN_COMMA = YES;
				CLANG_WARN_CONSTANT_CONVERSION = YES;
				CLANG_WARN_DEPRECATED_OBJC_IMPLEMENTATIONS = YES;
				CLANG_WARN_DIRECT_OBJC_ISA_USAGE = YES_ERROR;
				CLANG_WARN_DOCUMENTATION_COMMENTS = YES;
				CLANG_WARN_EMPTY_BODY = YES;
				CLANG_WARN_ENUM_CONVERSION = YES;
				CLANG_WARN_INFINITE_RECURSION = YES;
				CLANG_WARN_INT_CONVERSION = YES;
				CLANG_WARN_NON_LITERAL_NULL_CONVERSION = YES;
				CLANG_WARN_OBJC_IMPLICIT_RETAIN_SELF = YES;
				CLANG_WARN_OBJC_LITERAL_CONVERSION = YES;
				CLANG_WARN_OBJC_ROOT_CLASS = YES_ERROR;
				CLANG_WARN_RANGE_LOOP_ANALYSIS = YES;
				CLANG_WARN_STRICT_PROTOTYPES = YES;
				CLANG_WARN_SUSPICIOUS_MOVE = YES;
				CLANG_WARN_UNGUARDED_AVAILABILITY = YES_AGGRESSIVE;
				CLANG_WARN_UNREACHABLE_CODE = YES;
				CLANG_WARN__DUPLICATE_METHOD_MATCH = YES;
				COPY_PHASE_STRIP = NO;
				DEBUG_INFORMATION_FORMAT = "dwarf-with-dsym";
				ENABLE_NS_ASSERTIONS = NO;
				ENABLE_STRICT_OBJC_MSGSEND = YES;
				FRAMEWORK_SEARCH_PATHS = "$(PROJECT_DIR)";
				GCC_C_LANGUAGE_STANDARD = gnu11;
				GCC_NO_COMMON_BLOCKS = YES;
				GCC_WARN_64_TO_32_BIT_CONVERSION = YES;
				GCC_WARN_ABOUT_RETURN_TYPE = YES_ERROR;
				GCC_WARN_UNDECLARED_SELECTOR = YES;
				GCC_WARN_UNINITIALIZED_AUTOS = YES_AGGRESSIVE;
				GCC_WARN_UNUSED_FUNCTION = YES;
				GCC_WARN_UNUSED_VARIABLE = YES;
				IPHONEOS_DEPLOYMENT_TARGET = 13.5;
				LD_RUNPATH_SEARCH_PATHS = "$(PROJECT_DIR)";
				MTL_ENABLE_DEBUG_INFO = NO;
				MTL_FAST_MATH = YES;
				SDKROOT = iphoneos;
				VALIDATE_PRODUCT = YES;
			};
			name = Release;
		};
		D9C05A3724BD889000AF2501 /* Debug */ = {
			isa = XCBuildConfiguration;
			buildSettings = {
				ASSETCATALOG_COMPILER_APPICON_NAME = AppIcon;
				CODE_SIGN_STYLE = Automatic;
				DEVELOPMENT_TEAM = 82KZAF3HBZ;
				ENABLE_BITCODE = NO;
				FRAMEWORK_SEARCH_PATHS = (
					"$(inherited)",
					"$(PROJECT_DIR)",
				);
				INFOPLIST_FILE = TestCocos/Info.plist;
				LD_RUNPATH_SEARCH_PATHS = (
					"$(inherited)",
					"@executable_path/Frameworks",
					"$(PROJECT_DIR)",
				);
				PRODUCT_BUNDLE_IDENTIFIER = com.tw.arionlabs.TestCocos;
				PRODUCT_NAME = "$(TARGET_NAME)";
				TARGETED_DEVICE_FAMILY = "1,2";
			};
			name = Debug;
		};
		D9C05A3824BD889000AF2501 /* Release */ = {
			isa = XCBuildConfiguration;
			buildSettings = {
				ASSETCATALOG_COMPILER_APPICON_NAME = AppIcon;
				CODE_SIGN_STYLE = Automatic;
				DEVELOPMENT_TEAM = 82KZAF3HBZ;
				ENABLE_BITCODE = NO;
				FRAMEWORK_SEARCH_PATHS = (
					"$(inherited)",
					"$(PROJECT_DIR)",
				);
				INFOPLIST_FILE = TestCocos/Info.plist;
				LD_RUNPATH_SEARCH_PATHS = (
					"$(inherited)",
					"@executable_path/Frameworks",
					"$(BUILT_PRODUCTS_DIR)/TestDemoFramework",
				);
				PRODUCT_BUNDLE_IDENTIFIER = com.tw.arionlabs.TestCocos;
				PRODUCT_NAME = "$(TARGET_NAME)";
				TARGETED_DEVICE_FAMILY = "1,2";
			};
			name = Release;
		};
/* End XCBuildConfiguration section */

/* Begin XCConfigurationList section */
		D9C05A1824BD888F00AF2501 /* Build configuration list for PBXProject "TestCocos" */ = {
			isa = XCConfigurationList;
			buildConfigurations = (
				D9C05A3424BD889000AF2501 /* Debug */,
				D9C05A3524BD889000AF2501 /* Release */,
			);
			defaultConfigurationIsVisible = 0;
			defaultConfigurationName = Release;
		};
		D9C05A3624BD889000AF2501 /* Build configuration list for PBXNativeTarget "TestCocos" */ = {
			isa = XCConfigurationList;
			buildConfigurations = (
				D9C05A3724BD889000AF2501 /* Debug */,
				D9C05A3824BD889000AF2501 /* Release */,
			);
			defaultConfigurationIsVisible = 0;
			defaultConfigurationName = Release;
		};
/* End XCConfigurationList section */
	};
	rootObject = D9C05A1524BD888F00AF2501 /* Project object */;
}
